schema: '2.0'
stages:
  data_ingestion:
    cmd: python src/data/data_ingestion.py
    deps:
    - path: src/data/data_ingestion.py
      hash: md5
      md5: bd2f43e133e140dc40257b79155c5b93
      size: 5738
    outs:
    - path: data/raw
      hash: md5
      md5: fb326d2eec197669f9638afde28356bf.dir
      size: 827973
      nfiles: 2
  data_preprocessing:
    cmd: python src/data/data_preprocessing.py
    deps:
    - path: data/raw
      hash: md5
      md5: fb326d2eec197669f9638afde28356bf.dir
      size: 827973
      nfiles: 2
    - path: src/data/data_preprocessing.py
      hash: md5
      md5: 183b7c79963eadfb0224b55025b80f21
      size: 6714
    outs:
    - path: data/processed
      hash: md5
      md5: a56f5c29ec8b4ca46949bde03e0dab91.dir
      size: 560750
      nfiles: 2
  feature_engineering:
    cmd: python src/features/feature_engineering.py
    deps:
    - path: data/processed
      hash: md5
      md5: a56f5c29ec8b4ca46949bde03e0dab91.dir
      size: 560750
      nfiles: 2
    - path: src/features/feature_engineering.py
      hash: md5
      md5: 6841a7dc0fb8f483627a4a89a2db5127
      size: 5821
    outs:
    - path: data/features
      hash: md5
      md5: 7f1122ec58e0d5388b21b5eb886697a5.dir
      size: 208578422
      nfiles: 2
  model_building:
    cmd: python src/models/model_building.py
    deps:
    - path: data/features
      hash: md5
      md5: 7f1122ec58e0d5388b21b5eb886697a5.dir
      size: 208578422
      nfiles: 2
    - path: src/models/model_building.py
      hash: md5
      md5: 25c0e3f97474b988f9cf60ba0a0a399b
      size: 6697
    outs:
    - path: models
      hash: md5
      md5: a8eebf1f318c6a4bef36b0f61f0c14cf.dir
      size: 1524248
      nfiles: 8
  model_evaluation:
    cmd: python src/models/model_evaluation.py
    deps:
    - path: models
      hash: md5
      md5: a8eebf1f318c6a4bef36b0f61f0c14cf.dir
      size: 1524248
      nfiles: 8
    - path: src/models/model_evaluation.py
      hash: md5
      md5: 4dcfb5cd54c4dfbf9584a202c07733b7
      size: 13827
    outs:
    - path: reports/metrics/metrics_summary.json
      hash: md5
      md5: 3989fb4afe44eac9a76f1b1e91e4db12
      size: 1021
